{
    "_readme": [
        "This file locks the dependencies of your project to a known state",
        "Read more about it at https://getcomposer.org/doc/01-basic-usage.md#installing-dependencies",
        "This file is @generated automatically"
    ],
    "content-hash": "cef2eab6c5fe72b76c464a9e98844278",
    "packages": [
        {
            "name": "mitoteam/jpgraph",
            "version": "10.5.4",
            "source": {
                "type": "git",
                "url": "https://github.com/mitoteam/jpgraph.git",
                "reference": "62658af06f619bd65a40fb4a2b26df7bdc36818a"
            },
            "dist": {
                "type": "zip",
                "url": "https://api.github.com/repos/mitoteam/jpgraph/zipball/62658af06f619bd65a40fb4a2b26df7bdc36818a",
                "reference": "62658af06f619bd65a40fb4a2b26df7bdc36818a",
                "shasum": ""
            },
            "require": {
                "php": ">=5.5"
            },
            "replace": {
                "jpgraph/jpgraph": "4.0.2",
                "rulin132/jpgraph": "4.3.5"
            },
            "type": "library",
            "autoload": {
                "classmap": [
                    "src/MtJpGraph.php"
                ]
            },
            "notification-url": "https://packagist.org/downloads/",
            "license": [
                "QPL-1.0"
            ],
            "authors": [
                {
                    "name": "JpGraph team",
                    "homepage": "https://jpgraph.net",
                    "role": "Original Library Developers"
                },
                {
                    "name": "MiTo Team",
                    "email": "info@mito-team.com",
                    "homepage": "https://www.mito-team.com",
                    "role": "Composer package maintenance, PHP-compatibility patches"
                }
            ],
            "description": "JpGraph library composer package with PHP 8.5 support",
            "homepage": "https://github.com/mitoteam/jpgraph",
            "keywords": [
                "jpgraph"
            ],
            "support": {
                "issues": "https://github.com/mitoteam/jpgraph/issues",
                "source": "https://github.com/mitoteam/jpgraph/tree/10.5.4"
            },
            "time": "2026-04-06T04:38:38+00:00"
        }
    ],
    "packages-dev": [
        {
            "name": "phpstan/phpstan",
            "version": "2.2.2",
            "dist": {
                "type": "zip",
                "url": "https://api.github.com/repos/phpstan/phpstan/zipball/e5cc34d491a90e79c216d824f60fe21fd4d93bd6",
                "reference": "e5cc34d491a90e79c216d824f60fe21fd4d93bd6",
                "shasum": ""
            },
            "require": {
                "php": "^7.4|^8.0"
            },
            "conflict": {
                "phpstan/phpstan-shim": "*"
            },
            "bin": [
                "phpstan",
                "phpstan.phar"
            ],
            "type": "library",
            "autoload": {
                "files": [
                    "bootstrap.php"
                ]
            },
            "notification-url": "https://packagist.org/downloads/",
            "license": [
                "MIT"
            ],
            "authors": [
                {
                    "name": "Ondřej Mirtes"
                },
                {
                    "name": "Markus Staab"
                },
                {
                    "name": "Vincent Langlet"
                }
            ],
            "description": "PHPStan - PHP Static Analysis Tool",
            "keywords": [
                "dev",
                "static analysis"
            ],
            "support": {
                "docs": "https://phpstan.org/user-guide/getting-started",
                "forum": "https://github.com/phpstan/phpstan/discussions",
                "issues": "https://github.com/phpstan/phpstan/issues",
                "security": "https://github.com/phpstan/phpstan/security/policy",
                "source": "https://github.com/phpstan/phpstan-src"
            },
            "funding": [
                {
                    "url": "https://github.com/ondrejmirtes",
                    "type": "github"
                },
                {
                    "url": "https://github.com/phpstan",
                    "type": "github"
                }
            ],
            "time": "2026-06-05T09:00:01+00:00"
        }
    ],
    "aliases": [],
    "minimum-stability": "stable",
    "stability-flags": {},
    "prefer-stable": false,
    "prefer-lowest": false,
    "platform": {},
    "platform-dev": {},
    "plugin-api-version": "2.6.0"
}
